
Microsoft Visual Studio Solution File, Format Version 12.00
# Visual Studio Version 17
VisualStudioVersion = 17.12.35707.178
MinimumVisualStudioVersion = 10.0.40219.1
Project("{FAE04EC0-301F-11D3-BF4B-00C04F79EFBC}") = "JoyoRoyale.Web", "JoyoRoyale\JoyoRoyale.Web.csproj", "{BA78120F-C6E7-4D8D-889C-1BD8913D3B8F}"
EndProject
Project("{FAE04EC0-301F-11D3-BF4B-00C04F79EFBC}") = "Crucero.Application", "Crucero.Application\Crucero.Application.csproj", "{AEB84FAF-D3EF-410D-B1C0-B9FCB17A456C}"
EndProject
Project("{FAE04EC0-301F-11D3-BF4B-00C04F79EFBC}") = "JoyoRoyale.Infraestructure", "Crucero.Infraestructure\JoyoRoyale.Infraestructure.csproj", "{71AEDCAB-E8D0-4325-AE2A-7762ED9F4523}"
EndProject
Global
	GlobalSection(SolutionConfigurationPlatforms) = preSolution
		Debug|Any CPU = Debug|Any CPU
		Release|Any CPU = Release|Any CPU
	EndGlobalSection
	GlobalSection(ProjectConfigurationPlatforms) = postSolution
		{BA78120F-C6E7-4D8D-889C-1BD8913D3B8F}.Debug|Any CPU.ActiveCfg = Debug|Any CPU
		{BA78120F-C6E7-4D8D-889C-1BD8913D3B8F}.Debug|Any CPU.Build.0 = Debug|Any CPU
		{BA78120F-C6E7-4D8D-889C-1BD8913D3B8F}.Release|Any CPU.ActiveCfg = Release|Any CPU
		{BA78120F-C6E7-4D8D-889C-1BD8913D3B8F}.Release|Any CPU.Build.0 = Release|Any CPU
		{AEB84FAF-D3EF-410D-B1C0-B9FCB17A456C}.Debug|Any CPU.ActiveCfg = Debug|Any CPU
		{AEB84FAF-D3EF-410D-B1C0-B9FCB17A456C}.Debug|Any CPU.Build.0 = Debug|Any CPU
		{AEB84FAF-D3EF-410D-B1C0-B9FCB17A456C}.Release|Any CPU.ActiveCfg = Release|Any CPU
		{AEB84FAF-D3EF-410D-B1C0-B9FCB17A456C}.Release|Any CPU.Build.0 = Release|Any CPU
		{71AEDCAB-E8D0-4325-AE2A-7762ED9F4523}.Debug|Any CPU.ActiveCfg = Debug|Any CPU
		{71AEDCAB-E8D0-4325-AE2A-7762ED9F4523}.Debug|Any CPU.Build.0 = Debug|Any CPU
		{71AEDCAB-E8D0-4325-AE2A-7762ED9F4523}.Release|Any CPU.ActiveCfg = Release|Any CPU
		{71AEDCAB-E8D0-4325-AE2A-7762ED9F4523}.Release|Any CPU.Build.0 = Release|Any CPU
	EndGlobalSection
	GlobalSection(SolutionProperties) = preSolution
		HideSolutionNode = FALSE
	EndGlobalSection
EndGlobal
